// !$*UTF8*$!
{
	archiveVersion = 1;
	classes = {
	};
	objectVersion = 46;
	objects = {

/* Begin PBXBuildFile section */
		2BAA92A11ED45C57003C2406 /* AppDelegate.swift in Sources */ = {isa = PBXBuildFile; fileRef = 2BAA92A01ED45C57003C2406 /* AppDelegate.swift */; };
		2BAA92A31ED45C57003C2406 /* ViewController.swift in Sources */ = {isa = PBXBuildFile; fileRef = 2BAA92A21ED45C57003C2406 /* ViewController.swift */; };
		2BAA92A61ED45C57003C2406 /* Main.storyboard in Resources */ = {isa = PBXBuildFile; fileRef = 2BAA92A41ED45C57003C2406 /* Main.storyboard */; };
		2BAA92A81ED45C57003C2406 /* Assets.xcassets in Resources */ = {isa = PBXBuildFile; fileRef = 2BAA92A71ED45C57003C2406 /* Assets.xcassets */; };
		2BAA92AB1ED45C57003C2406 /* LaunchScreen.storyboard in Resources */ = {isa = PBXBuildFile; fileRef = 2BAA92A91ED45C57003C2406 /* LaunchScreen.storyboard */; };
/* End PBXBuildFile section */

/* Begin PBXFileReference section */
		2BAA929D1ED45C57003C2406 /* Meme App.app */ = {isa = PBXFileReference; explicitFileType = wrapper.application; includeInIndex = 0; path = "Meme App.app"; sourceTree = BUILT_PRODUCTS_DIR; };
		2BAA92A01ED45C57003C2406 /* AppDelegate.swift */ = {isa = PBXFileReference; lastKnownFileType = sourcecode.swift; path = AppDelegate.swift; sourceTree = "<group>"; };
		2BAA92A21ED45C57003C2406 /* ViewController.swift */ = {isa = PBXFileReference; lastKnownFileType = sourcecode.swift; path = ViewController.swift; sourceTree = "<group>"; };
		2BAA92A51ED45C57003C2406 /* Base */ = {isa = PBXFileReference; lastKnownFileType = file.storyboard; name = Base; path = Base.lproj/Main.storyboard; sourceTree = "<group>"; };
		2BAA92A71ED45C57003C2406 /* Assets.xcassets */ = {isa = PBXFileReference; lastKnownFileType = folder.assetcatalog; path = Assets.xcassets; sourceTree = "<group>"; };
		2BAA92AA1ED45C57003C2406 /* Base */ = {isa = PBXFileReference; lastKnownFileType = file.storyboard; name = Base; path = Base.lproj/LaunchScreen.storyboard; sourceTree = "<group>"; };
		2BAA92AC1ED45C57003C2406 /* Info.plist */ = {isa = PBXFileReference; lastKnownFileType = text.plist.xml; path = Info.plist; sourceTree = "<group>"; };
/* End PBXFileReference section */

/* Begin PBXFrameworksBuildPhase section */
		2BAA929A1ED45C57003C2406 /* Frameworks */ = {
			isa = PBXFrameworksBuildPhase;
			buildActionMask = 2147483647;
			files = (
			);
			runOnlyForDeploymentPostprocessing = 0;
		};
/* End PBXFrameworksBuildPhase section */

/* Begin PBXGroup section */
		2BAA92941ED45C56003C2406 = {
			isa = PBXGroup;
			children = (
				2BAA929F1ED45C57003C2406 /* Meme App */,
				2BAA929E1ED45C57003C2406 /* Products */,
			);
			sourceTree = "<group>";
		};
		2BAA929E1ED45C57003C2406 /* Products */ = {
			isa = PBXGroup;
			children = (
				2BAA929D1ED45C57003C2406 /* Meme App.app */,
			);
			name = Products;
			sourceTree = "<group>";
		};
		2BAA929F1ED45C57003C2406 /* Meme App */ = {
			isa = PBXGroup;
			children = (
				2BAA92A01ED45C57003C2406 /* AppDelegate.swift */,
				2BAA92A21ED45C57003C2406 /* ViewController.swift */,
				2BAA92A41ED45C57003C2406 /* Main.storyboard */,
				2BAA92A71ED45C57003C2406 /* Assets.xcassets */,
				2BAA92A91ED45C57003C2406 /* LaunchScreen.storyboard */,
				2BAA92AC1ED45C57003C2406 /* Info.plist */,
			);
			path = "Meme App";
			sourceTree = "<group>";
		};
/* End PBXGroup section */

/* Begin PBXNativeTarget section */
		2BAA929C1ED45C57003C2406 /* Meme App */ = {
			isa = PBXNativeTarget;
			buildConfigurationList = 2BAA92AF1ED45C57003C2406 /* Build configuration list for PBXNativeTarget "Meme App" */;
			buildPhases = (
				2BAA92991ED45C57003C2406 /* Sources */,
				2BAA929A1ED45C57003C2406 /* Frameworks */,
				2BAA929B1ED45C57003C2406 /* Resources */,
			);
			buildRules = (
			);
			dependencies = (
			);
			name = "Meme App";
			productName = "Meme App";
			productReference = 2BAA929D1ED45C57003C2406 /* Meme App.app */;
			productType = "com.apple.product-type.application";
		};
/* End PBXNativeTarget section */

/* Begin PBXProject section */
		2BAA92951ED45C56003C2406 /* Project object */ = {
			isa = PBXProject;
			attributes = {
				LastSwiftUpdateCheck = 0830;
				LastUpgradeCheck = 0830;
				ORGANIZATIONNAME = "Marc Gomez Iranzo";
				TargetAttributes = {
					2BAA929C1ED45C57003C2406 = {
						CreatedOnToolsVersion = 8.3.2;
						ProvisioningStyle = Automatic;
					};
				};
			};
			buildConfigurationList = 2BAA92981ED45C56003C2406 /* Build configuration list for PBXProject "Meme App" */;
			compatibilityVersion = "Xcode 3.2";
			developmentRegion = English;
			hasScannedForEncodings = 0;
			knownRegions = (
				en,
				Base,
			);
			mainGroup = 2BAA92941ED45C56003C2406;
			productRefGroup = 2BAA929E1ED45C57003C2406 /* Products */;
			projectDirPath = "";
			projectRoot = "";
			targets = (
				2BAA929C1ED45C57003C2406 /* Meme App */,
			);
		};
/* End PBXProject section */

/* Begin PBXResourcesBuildPhase section */
		2BAA929B1ED45C57003C2406 /* Resources */ = {
			isa = PBXResourcesBuildPhase;
			buildActionMask = 2147483647;
			files = (
				2BAA92AB1ED45C57003C2406 /* LaunchScreen.storyboard in Resources */,
				2BAA92A81ED45C57003C2406 /* Assets.xcassets in Resources */,
				2BAA92A61ED45C57003C2406 /* Main.storyboard in Resources */,
			);
			runOnlyForDeploymentPostprocessing = 0;
		};
/* End PBXResourcesBuildPhase section */

/* Begin PBXSourcesBuildPhase section */
		2BAA92991ED45C57003C2406 /* Sources */ = {
			isa = PBXSourcesBuildPhase;
			buildActionMask = 2147483647;
			files = (
				2BAA92A31ED45C57003C2406 /* ViewController.swift in Sources */,
				2BAA92A11ED45C57003C2406 /* AppDelegate.swift in Sources */,
			);
			runOnlyForDeploymentPostprocessing = 0;
		};
/* End PBXSourcesBuildPhase section */

/* Begin PBXVariantGroup section */
		2BAA92A41ED45C57003C2406 /* Main.storyboard */ = {
			isa = PBXVariantGroup;
			children = (
				2BAA92A51ED45C57003C2406 /* Base */,
			);
			name = Main.storyboard;
			sourceTree = "<group>";
		};
		2BAA92A91ED45C57003C2406 /* LaunchScreen.storyboard */ = {
			isa = PBXVariantGroup;
			children = (
				2BAA92AA1ED45C57003C2406 /* Base */,
			);
			name = LaunchScreen.storyboard;
			sourceTree = "<group>";
		};
/* End PBXVariantGroup section */

/* Begin XCBuildConfiguration section */
		2BAA92AD1ED45C57003C2406 /* Debug */ = {
			isa = XCBuildConfiguration;
			buildSettings = {
				ALWAYS_SEARCH_USER_PATHS = NO;
				CLANG_ANALYZER_NONNULL = YES;
				CLANG_ANALYZER_NUMBER_OBJECT_CONVERSION = YES_AGGRESSIVE;
				CLANG_CXX_LANGUAGE_STANDARD = "gnu++0x";
				CLANG_CXX_LIBRARY = "libc++";
				CLANG_ENABLE_MODULES = YES;
				CLANG_ENABLE_OBJC_ARC = YES;
				CLANG_WARN_BOOL_CONVERSION = YES;
				CLANG_WARN_CONSTANT_CONVERSION = YES;
				CLANG_WARN_DIRECT_OBJC_ISA_USAGE = YES_ERROR;
				CLANG_WARN_DOCUMENTATION_COMMENTS = YES;
				CLANG_WARN_EMPTY_BODY = YES;
				CLANG_WARN_ENUM_CONVERSION = YES;
				CLANG_WARN_INFINITE_RECURSION = YES;
				CLANG_WARN_INT_CONVERSION = YES;
				CLANG_WARN_OBJC_ROOT_CLASS = YES_ERROR;
				CLANG_WARN_SUSPICIOUS_MOVE = YES;
				CLANG_WARN_UNREACHABLE_CODE = YES;
				CLANG_WARN__DUPLICATE_METHOD_MATCH = YES;
				"CODE_SIGN_IDENTITY[sdk=iphoneos*]" = "iPhone Developer";
				COPY_PHASE_STRIP = NO;
				DEBUG_INFORMATION_FORMAT = dwarf;
				ENABLE_STRICT_OBJC_MSGSEND = YES;
				ENABLE_TESTABILITY = YES;
				GCC_C_LANGUAGE_STANDARD = gnu99;
				GCC_DYNAMIC_NO_PIC = NO;
				GCC_NO_COMMON_BLOCKS = YES;
				GCC_OPTIMIZATION_LEVEL = 0;
				GCC_PREPROCESSOR_DEFINITIONS = (
					"DEBUG=1",
					"$(inherited)",
				);
				GCC_WARN_64_TO_32_BIT_CONVERSION = YES;
				GCC_WARN_ABOUT_RETURN_TYPE = YES_ERROR;
				GCC_WARN_UNDECLARED_SELECTOR = YES;
				GCC_WARN_UNINITIALIZED_AUTOS = YES_AGGRESSIVE;
				GCC_WARN_UNUSED_FUNCTION = YES;
				GCC_WARN_UNUSED_VARIABLE = YES;
				IPHONEOS_DEPLOYMENT_TARGET = 10.3;
				MTL_ENABLE_DEBUG_INFO = YES;
				ONLY_ACTIVE_ARCH = YES;
				SDKROOT = iphoneos;
				SWIFT_ACTIVE_COMPILATION_CONDITIONS = DEBUG;
				SWIFT_OPTIMIZATION_LEVEL = "-Onone";
				TARGETED_DEVICE_FAMILY = "1,2";
			};
			name = Debug;
		};
		2BAA92AE1ED45C57003C2406 /* Release */ = {
			isa = XCBuildConfiguration;
			buildSettings = {
				ALWAYS_SEARCH_USER_PATHS = NO;
				CLANG_ANALYZER_NONNULL = YES;
				CLANG_ANALYZER_NUMBER_OBJECT_CONVERSION = YES_AGGRESSIVE;
				CLANG_CXX_LANGUAGE_STANDARD = "gnu++0x";
				CLANG_CXX_LIBRARY = "libc++";
				CLANG_ENABLE_MODULES = YES;
				CLANG_ENABLE_OBJC_ARC = YES;
				CLANG_WARN_BOOL_CONVERSION = YES;
				CLANG_WARN_CONSTANT_CONVERSION = YES;
				CLANG_WARN_DIRECT_OBJC_ISA_USAGE = YES_ERROR;
				CLANG_WARN_DOCUMENTATION_COMMENTS = YES;
				CLANG_WARN_EMPTY_BODY = YES;
				CLANG_WARN_ENUM_CONVERSION = YES;
				CLANG_WARN_INFINITE_RECURSION = YES;
				CLANG_WARN_INT_CONVERSION = YES;
				CLANG_WARN_OBJC_ROOT_CLASS = YES_ERROR;
				CLANG_WARN_SUSPICIOUS_MOVE = YES;
				CLANG_WARN_UNREACHABLE_CODE = YES;
				CLANG_WARN__DUPLICATE_METHOD_MATCH = YES;
				"CODE_SIGN_IDENTITY[sdk=iphoneos*]" = "iPhone Developer";
				COPY_PHASE_STRIP = NO;
				DEBUG_INFORMATION_FORMAT = "dwarf-with-dsym";
				ENABLE_NS_ASSERTIONS = NO;
				ENABLE_STRICT_OBJC_MSGSEND = YES;
				GCC_C_LANGUAGE_STANDARD = gnu99;
				GCC_NO_COMMON_BLOCKS = YES;
				GCC_WARN_64_TO_32_BIT_CONVERSION = YES;
				GCC_WARN_ABOUT_RETURN_TYPE = YES_ERROR;
				GCC_WARN_UNDECLARED_SELECTOR = YES;
				GCC_WARN_UNINITIALIZED_AUTOS = YES_AGGRESSIVE;
				GCC_WARN_UNUSED_FUNCTION = YES;
				GCC_WARN_UNUSED_VARIABLE = YES;
				IPHONEOS_DEPLOYMENT_TARGET = 10.3;
				MTL_ENABLE_DEBUG_INFO = NO;
				SDKROOT = iphoneos;
				SWIFT_OPTIMIZATION_LEVEL = "-Owholemodule";
				TARGETED_DEVICE_FAMILY = "1,2";
				VALIDATE_PRODUCT = YES;
			};
			name = Release;
		};
		2BAA92B01ED45C57003C2406 /* Debug */ = {
			isa = XCBuildConfiguration;
			buildSettings = {
				ASSETCATALOG_COMPILER_APPICON_NAME = AppIcon;
				DEVELOPMENT_TEAM = "";
				INFOPLIST_FILE = "Meme App/Info.plist";
				LD_RUNPATH_SEARCH_PATHS = "$(inherited) @executable_path/Frameworks";
				PRODUCT_BUNDLE_IDENTIFIER = "com.marcgomez.Meme-App";
				PRODUCT_NAME = "$(TARGET_NAME)";
				SWIFT_VERSION = 3.0;
			};
			name = Debug;
		};
		2BAA92B11ED45C57003C2406 /* Release */ = {
			isa = XCBuildConfiguration;
			buildSettings = {
				ASSETCATALOG_COMPILER_APPICON_NAME = AppIcon;
				DEVELOPMENT_TEAM = "";
				INFOPLIST_FILE = "Meme App/Info.plist";
				LD_RUNPATH_SEARCH_PATHS = "$(inherited) @executable_path/Frameworks";
				PRODUCT_BUNDLE_IDENTIFIER = "com.marcgomez.Meme-App";
				PRODUCT_NAME = "$(TARGET_NAME)";
				SWIFT_VERSION = 3.0;
			};
			name = Release;
		};
/* End XCBuildConfiguration section */

/* Begin XCConfigurationList section */
		2BAA92981ED45C56003C2406 /* Build configuration list for PBXProject "Meme App" */ = {
			isa = XCConfigurationList;
			buildConfigurations = (
				2BAA92AD1ED45C57003C2406 /* Debug */,
				2BAA92AE1ED45C57003C2406 /* Release */,
			);
			defaultConfigurationIsVisible = 0;
			defaultConfigurationName = Release;
		};
		2BAA92AF1ED45C57003C2406 /* Build configuration list for PBXNativeTarget "Meme App" */ = {
			isa = XCConfigurationList;
			buildConfigurations = (
				2BAA92B01ED45C57003C2406 /* Debug */,
				2BAA92B11ED45C57003C2406 /* Release */,
			);
			defaultConfigurationIsVisible = 0;
		};
/* End XCConfigurationList section */
	};
	rootObject = 2BAA92951ED45C56003C2406 /* Project object */;
}
